Microsoft Visual Studio Solution File, Format Version 12.00
# Visual Studio 15
VisualStudioVersion = 15.0.28307.489
MinimumVisualStudioVersion = 10.0.40219.1
Project("{2150E333-8FDC-42A3-9474-1A3956D46DE8}") = "src", "src", "{7832C3A4-08CB-4F98-8CA4-71A8BA2A7A7D}"
EndProject
Project("{2150E333-8FDC-42A3-9474-1A3956D46DE8}") = "Apps", "Apps", "{6F6E0255-D713-4462-8A00-5E54ED7DE6F3}"
EndProject
Project("{9A19103F-16F7-4668-BE54-9A1E7A4F7556}") = "MySpotifyDroid", "src\Apps\MySpotifyDroid\MySpotifyDroid.csproj", "{E924C3ED-3F17-457C-A389-A4F2C71A7282}"
EndProject
Project("{FAE04EC0-301F-11D3-BF4B-00C04F79EFBC}") = "MySpotifyDroid.UI", "src\Apps\MySpotifyDroid.UI\MySpotifyDroid.UI.csproj", "{48D7D3D0-17D6-40AF-B70A-B1E353F93450}"
EndProject
Project("{2150E333-8FDC-42A3-9474-1A3956D46DE8}") = "docs", "docs", "{B1363AAA-A784-43EF-BAE6-371194C32557}"
	ProjectSection(SolutionItems) = preProject
		docs\ReadMe.md = docs\ReadMe.md
		docs\Notes.txt = docs\Notes.txt
	EndProjectSection
EndProject
Project("{2150E333-8FDC-42A3-9474-1A3956D46DE8}") = "Mobile", "Mobile", "{41D7FCB2-EFE7-4FCF-BD24-5DBB2407F877}"
EndProject
Project("{2150E333-8FDC-42A3-9474-1A3956D46DE8}") = "Web", "Web", "{6E6F050D-4CBE-4A50-8626-685EBC32DB25}"
EndProject
Project("{FAE04EC0-301F-11D3-BF4B-00C04F79EFBC}") = "MySpotifyMVC", "src\Web\MySpotifyMVC\MySpotifyMVC.csproj", "{5D25D9DF-4D19-4E3B-B588-8F5A3780552A}"
EndProject
Global
	GlobalSection(SolutionConfigurationPlatforms) = preSolution
		Debug|Any CPU = Debug|Any CPU
		Release|Any CPU = Release|Any CPU
	EndGlobalSection
	GlobalSection(ProjectConfigurationPlatforms) = postSolution
		{E924C3ED-3F17-457C-A389-A4F2C71A7282}.Debug|Any CPU.ActiveCfg = Debug|Any CPU
		{E924C3ED-3F17-457C-A389-A4F2C71A7282}.Debug|Any CPU.Build.0 = Debug|Any CPU
		{E924C3ED-3F17-457C-A389-A4F2C71A7282}.Release|Any CPU.ActiveCfg = Release|Any CPU
		{E924C3ED-3F17-457C-A389-A4F2C71A7282}.Release|Any CPU.Build.0 = Release|Any CPU
		{48D7D3D0-17D6-40AF-B70A-B1E353F93450}.Debug|Any CPU.ActiveCfg = Debug|Any CPU
		{48D7D3D0-17D6-40AF-B70A-B1E353F93450}.Debug|Any CPU.Build.0 = Debug|Any CPU
		{48D7D3D0-17D6-40AF-B70A-B1E353F93450}.Release|Any CPU.ActiveCfg = Release|Any CPU
		{48D7D3D0-17D6-40AF-B70A-B1E353F93450}.Release|Any CPU.Build.0 = Release|Any CPU
		{5D25D9DF-4D19-4E3B-B588-8F5A3780552A}.Debug|Any CPU.ActiveCfg = Debug|Any CPU
		{5D25D9DF-4D19-4E3B-B588-8F5A3780552A}.Debug|Any CPU.Build.0 = Debug|Any CPU
		{5D25D9DF-4D19-4E3B-B588-8F5A3780552A}.Release|Any CPU.ActiveCfg = Release|Any CPU
		{5D25D9DF-4D19-4E3B-B588-8F5A3780552A}.Release|Any CPU.Build.0 = Release|Any CPU
	EndGlobalSection
	GlobalSection(SolutionProperties) = preSolution
		HideSolutionNode = FALSE
	EndGlobalSection
	GlobalSection(NestedProjects) = preSolution
		{6F6E0255-D713-4462-8A00-5E54ED7DE6F3} = {7832C3A4-08CB-4F98-8CA4-71A8BA2A7A7D}
		{E924C3ED-3F17-457C-A389-A4F2C71A7282} = {41D7FCB2-EFE7-4FCF-BD24-5DBB2407F877}
		{48D7D3D0-17D6-40AF-B70A-B1E353F93450} = {41D7FCB2-EFE7-4FCF-BD24-5DBB2407F877}
		{41D7FCB2-EFE7-4FCF-BD24-5DBB2407F877} = {6F6E0255-D713-4462-8A00-5E54ED7DE6F3}
		{6E6F050D-4CBE-4A50-8626-685EBC32DB25} = {6F6E0255-D713-4462-8A00-5E54ED7DE6F3}
		{5D25D9DF-4D19-4E3B-B588-8F5A3780552A} = {6E6F050D-4CBE-4A50-8626-685EBC32DB25}
	EndGlobalSection
	GlobalSection(ExtensibilityGlobals) = postSolution
		SolutionGuid = {7AB604AB-D80F-4A60-8DA5-24312AD425B0}
	EndGlobalSection
EndGlobal
